// !$*UTF8*$!
{
	archiveVersion = 1;
	classes = {
	};
	objectVersion = 46;
	objects = {

/* Begin PBXBuildFile section */
		318DA1001C58DAA000216B45 /* main.m in Sources */ = {isa = PBXBuildFile; fileRef = 318DA0FF1C58DAA000216B45 /* main.m */; };
		318DA1031C58DAA000216B45 /* AppDelegate.m in Sources */ = {isa = PBXBuildFile; fileRef = 318DA1021C58DAA000216B45 /* AppDelegate.m */; };
		318DA1061C58DAA000216B45 /* ViewController.m in Sources */ = {isa = PBXBuildFile; fileRef = 318DA1051C58DAA000216B45 /* ViewController.m */; };
		318DA1091C58DAA000216B45 /* Main.storyboard in Resources */ = {isa = PBXBuildFile; fileRef = 318DA1071C58DAA000216B45 /* Main.storyboard */; };
		318DA10B1C58DAA000216B45 /* Images.xcassets in Resources */ = {isa = PBXBuildFile; fileRef = 318DA10A1C58DAA000216B45 /* Images.xcassets */; };
		318DA10E1C58DAA000216B45 /* LaunchScreen.xib in Resources */ = {isa = PBXBuildFile; fileRef = 318DA10C1C58DAA000216B45 /* LaunchScreen.xib */; };
		318DA11A1C58DAA000216B45 /* TestGitTests.m in Sources */ = {isa = PBXBuildFile; fileRef = 318DA1191C58DAA000216B45 /* TestGitTests.m */; };
/* End PBXBuildFile section */

/* Begin PBXContainerItemProxy section */
		318DA1141C58DAA000216B45 /* PBXContainerItemProxy */ = {
			isa = PBXContainerItemProxy;
			containerPortal = 318DA0F21C58DAA000216B45 /* Project object */;
			proxyType = 1;
			remoteGlobalIDString = 318DA0F91C58DAA000216B45;
			remoteInfo = TestGit;
		};
/* End PBXContainerItemProxy section */

/* Begin PBXFileReference section */
		318DA0FA1C58DAA000216B45 /* TestGit.app */ = {isa = PBXFileReference; explicitFileType = wrapper.application; includeInIndex = 0; path = TestGit.app; sourceTree = BUILT_PRODUCTS_DIR; };
		318DA0FE1C58DAA000216B45 /* Info.plist */ = {isa = PBXFileReference; lastKnownFileType = text.plist.xml; path = Info.plist; sourceTree = "<group>"; };
		318DA0FF1C58DAA000216B45 /* main.m */ = {isa = PBXFileReference; lastKnownFileType = sourcecode.c.objc; path = main.m; sourceTree = "<group>"; };
		318DA1011C58DAA000216B45 /* AppDelegate.h */ = {isa = PBXFileReference; lastKnownFileType = sourcecode.c.h; path = AppDelegate.h; sourceTree = "<group>"; };
		318DA1021C58DAA000216B45 /* AppDelegate.m */ = {isa = PBXFileReference; lastKnownFileType = sourcecode.c.objc; path = AppDelegate.m; sourceTree = "<group>"; };
		318DA1041C58DAA000216B45 /* ViewController.h */ = {isa = PBXFileReference; lastKnownFileType = sourcecode.c.h; path = ViewController.h; sourceTree = "<group>"; };
		318DA1051C58DAA000216B45 /* ViewController.m */ = {isa = PBXFileReference; lastKnownFileType = sourcecode.c.objc; path = ViewController.m; sourceTree = "<group>"; };
		318DA1081C58DAA000216B45 /* Base */ = {isa = PBXFileReference; lastKnownFileType = file.storyboard; name = Base; path = Base.lproj/Main.storyboard; sourceTree = "<group>"; };
		318DA10A1C58DAA000216B45 /* Images.xcassets */ = {isa = PBXFileReference; lastKnownFileType = folder.assetcatalog; path = Images.xcassets; sourceTree = "<group>"; };
		318DA10D1C58DAA000216B45 /* Base */ = {isa = PBXFileReference; lastKnownFileType = file.xib; name = Base; path = Base.lproj/LaunchScreen.xib; sourceTree = "<group>"; };
		318DA1131C58DAA000216B45 /* TestGitTests.xctest */ = {isa = PBXFileReference; explicitFileType = wrapper.cfbundle; includeInIndex = 0; path = TestGitTests.xctest; sourceTree = BUILT_PRODUCTS_DIR; };
		318DA1181C58DAA000216B45 /* Info.plist */ = {isa = PBXFileReference; lastKnownFileType = text.plist.xml; path = Info.plist; sourceTree = "<group>"; };
		318DA1191C58DAA000216B45 /* TestGitTests.m */ = {isa = PBXFileReference; lastKnownFileType = sourcecode.c.objc; path = TestGitTests.m; sourceTree = "<group>"; };
/* End PBXFileReference section */

/* Begin PBXFrameworksBuildPhase section */
		318DA0F71C58DAA000216B45 /* Frameworks */ = {
			isa = PBXFrameworksBuildPhase;
			buildActionMask = 2147483647;
			files = (
			);
			runOnlyForDeploymentPostprocessing = 0;
		};
		318DA1101C58DAA000216B45 /* Frameworks */ = {
			isa = PBXFrameworksBuildPhase;
			buildActionMask = 2147483647;
			files = (
			);
			runOnlyForDeploymentPostprocessing = 0;
		};
/* End PBXFrameworksBuildPhase section */

/* Begin PBXGroup section */
		318DA0F11C58DAA000216B45 = {
			isa = PBXGroup;
			children = (
				318DA0FC1C58DAA000216B45 /* TestGit */,
				318DA1161C58DAA000216B45 /* TestGitTests */,
				318DA0FB1C58DAA000216B45 /* Products */,
			);
			sourceTree = "<group>";
		};
		318DA0FB1C58DAA000216B45 /* Products */ = {
			isa = PBXGroup;
			children = (
				318DA0FA1C58DAA000216B45 /* TestGit.app */,
				318DA1131C58DAA000216B45 /* TestGitTests.xctest */,
			);
			name = Products;
			sourceTree = "<group>";
		};
		318DA0FC1C58DAA000216B45 /* TestGit */ = {
			isa = PBXGroup;
			children = (
				318DA1011C58DAA000216B45 /* AppDelegate.h */,
				318DA1021C58DAA000216B45 /* AppDelegate.m */,
				318DA1041C58DAA000216B45 /* ViewController.h */,
				318DA1051C58DAA000216B45 /* ViewController.m */,
				318DA1071C58DAA000216B45 /* Main.storyboard */,
				318DA10A1C58DAA000216B45 /* Images.xcassets */,
				318DA10C1C58DAA000216B45 /* LaunchScreen.xib */,
				318DA0FD1C58DAA000216B45 /* Supporting Files */,
			);
			path = TestGit;
			sourceTree = "<group>";
		};
		318DA0FD1C58DAA000216B45 /* Supporting Files */ = {
			isa = PBXGroup;
			children = (
				318DA0FE1C58DAA000216B45 /* Info.plist */,
				318DA0FF1C58DAA000216B45 /* main.m */,
			);
			name = "Supporting Files";
			sourceTree = "<group>";
		};
		318DA1161C58DAA000216B45 /* TestGitTests */ = {
			isa = PBXGroup;
			children = (
				318DA1191C58DAA000216B45 /* TestGitTests.m */,
				318DA1171C58DAA000216B45 /* Supporting Files */,
			);
			path = TestGitTests;
			sourceTree = "<group>";
		};
		318DA1171C58DAA000216B45 /* Supporting Files */ = {
			isa = PBXGroup;
			children = (
				318DA1181C58DAA000216B45 /* Info.plist */,
			);
			name = "Supporting Files";
			sourceTree = "<group>";
		};
/* End PBXGroup section */

/* Begin PBXNativeTarget section */
		318DA0F91C58DAA000216B45 /* TestGit */ = {
			isa = PBXNativeTarget;
			buildConfigurationList = 318DA11D1C58DAA000216B45 /* Build configuration list for PBXNativeTarget "TestGit" */;
			buildPhases = (
				318DA0F61C58DAA000216B45 /* Sources */,
				318DA0F71C58DAA000216B45 /* Frameworks */,
				318DA0F81C58DAA000216B45 /* Resources */,
			);
			buildRules = (
			);
			dependencies = (
			);
			name = TestGit;
			productName = TestGit;
			productReference = 318DA0FA1C58DAA000216B45 /* TestGit.app */;
			productType = "com.apple.product-type.application";
		};
		318DA1121C58DAA000216B45 /* TestGitTests */ = {
			isa = PBXNativeTarget;
			buildConfigurationList = 318DA1201C58DAA000216B45 /* Build configuration list for PBXNativeTarget "TestGitTests" */;
			buildPhases = (
				318DA10F1C58DAA000216B45 /* Sources */,
				318DA1101C58DAA000216B45 /* Frameworks */,
				318DA1111C58DAA000216B45 /* Resources */,
			);
			buildRules = (
			);
			dependencies = (
				318DA1151C58DAA000216B45 /* PBXTargetDependency */,
			);
			name = TestGitTests;
			productName = TestGitTests;
			productReference = 318DA1131C58DAA000216B45 /* TestGitTests.xctest */;
			productType = "com.apple.product-type.bundle.unit-test";
		};
/* End PBXNativeTarget section */

/* Begin PBXProject section */
		318DA0F21C58DAA000216B45 /* Project object */ = {
			isa = PBXProject;
			attributes = {
				LastUpgradeCheck = 0640;
				ORGANIZATIONNAME = wyj;
				TargetAttributes = {
					318DA0F91C58DAA000216B45 = {
						CreatedOnToolsVersion = 6.4;
					};
					318DA1121C58DAA000216B45 = {
						CreatedOnToolsVersion = 6.4;
						TestTargetID = 318DA0F91C58DAA000216B45;
					};
				};
			};
			buildConfigurationList = 318DA0F51C58DAA000216B45 /* Build configuration list for PBXProject "TestGit" */;
			compatibilityVersion = "Xcode 3.2";
			developmentRegion = English;
			hasScannedForEncodings = 0;
			knownRegions = (
				en,
				Base,
			);
			mainGroup = 318DA0F11C58DAA000216B45;
			productRefGroup = 318DA0FB1C58DAA000216B45 /* Products */;
			projectDirPath = "";
			projectRoot = "";
			targets = (
				318DA0F91C58DAA000216B45 /* TestGit */,
				318DA1121C58DAA000216B45 /* TestGitTests */,
			);
		};
/* End PBXProject section */

/* Begin PBXResourcesBuildPhase section */
		318DA0F81C58DAA000216B45 /* Resources */ = {
			isa = PBXResourcesBuildPhase;
			buildActionMask = 2147483647;
			files = (
				318DA1091C58DAA000216B45 /* Main.storyboard in Resources */,
				318DA10E1C58DAA000216B45 /* LaunchScreen.xib in Resources */,
				318DA10B1C58DAA000216B45 /* Images.xcassets in Resources */,
			);
			runOnlyForDeploymentPostprocessing = 0;
		};
		318DA1111C58DAA000216B45 /* Resources */ = {
			isa = PBXResourcesBuildPhase;
			buildActionMask = 2147483647;
			files = (
			);
			runOnlyForDeploymentPostprocessing = 0;
		};
/* End PBXResourcesBuildPhase section */

/* Begin PBXSourcesBuildPhase section */
		318DA0F61C58DAA000216B45 /* Sources */ = {
			isa = PBXSourcesBuildPhase;
			buildActionMask = 2147483647;
			files = (
				318DA1061C58DAA000216B45 /* ViewController.m in Sources */,
				318DA1031C58DAA000216B45 /* AppDelegate.m in Sources */,
				318DA1001C58DAA000216B45 /* main.m in Sources */,
			);
			runOnlyForDeploymentPostprocessing = 0;
		};
		318DA10F1C58DAA000216B45 /* Sources */ = {
			isa = PBXSourcesBuildPhase;
			buildActionMask = 2147483647;
			files = (
				318DA11A1C58DAA000216B45 /* TestGitTests.m in Sources */,
			);
			runOnlyForDeploymentPostprocessing = 0;
		};
/* End PBXSourcesBuildPhase section */

/* Begin PBXTargetDependency section */
		318DA1151C58DAA000216B45 /* PBXTargetDependency */ = {
			isa = PBXTargetDependency;
			target = 318DA0F91C58DAA000216B45 /* TestGit */;
			targetProxy = 318DA1141C58DAA000216B45 /* PBXContainerItemProxy */;
		};
/* End PBXTargetDependency section */

/* Begin PBXVariantGroup section */
		318DA1071C58DAA000216B45 /* Main.storyboard */ = {
			isa = PBXVariantGroup;
			children = (
				318DA1081C58DAA000216B45 /* Base */,
			);
			name = Main.storyboard;
			sourceTree = "<group>";
		};
		318DA10C1C58DAA000216B45 /* LaunchScreen.xib */ = {
			isa = PBXVariantGroup;
			children = (
				318DA10D1C58DAA000216B45 /* Base */,
			);
			name = LaunchScreen.xib;
			sourceTree = "<group>";
		};
/* End PBXVariantGroup section */

/* Begin XCBuildConfiguration section */
		318DA11B1C58DAA000216B45 /* Debug */ = {
			isa = XCBuildConfiguration;
			buildSettings = {
				ALWAYS_SEARCH_USER_PATHS = NO;
				CLANG_CXX_LANGUAGE_STANDARD = "gnu++0x";
				CLANG_CXX_LIBRARY = "libc++";
				CLANG_ENABLE_MODULES = YES;
				CLANG_ENABLE_OBJC_ARC = YES;
				CLANG_WARN_BOOL_CONVERSION = YES;
				CLANG_WARN_CONSTANT_CONVERSION = YES;
				CLANG_WARN_DIRECT_OBJC_ISA_USAGE = YES_ERROR;
				CLANG_WARN_EMPTY_BODY = YES;
				CLANG_WARN_ENUM_CONVERSION = YES;
				CLANG_WARN_INT_CONVERSION = YES;
				CLANG_WARN_OBJC_ROOT_CLASS = YES_ERROR;
				CLANG_WARN_UNREACHABLE_CODE = YES;
				CLANG_WARN__DUPLICATE_METHOD_MATCH = YES;
				"CODE_SIGN_IDENTITY[sdk=iphoneos*]" = "iPhone Developer";
				COPY_PHASE_STRIP = NO;
				DEBUG_INFORMATION_FORMAT = "dwarf-with-dsym";
				ENABLE_STRICT_OBJC_MSGSEND = YES;
				GCC_C_LANGUAGE_STANDARD = gnu99;
				GCC_DYNAMIC_NO_PIC = NO;
				GCC_NO_COMMON_BLOCKS = YES;
				GCC_OPTIMIZATION_LEVEL = 0;
				GCC_PREPROCESSOR_DEFINITIONS = (
					"DEBUG=1",
					"$(inherited)",
				);
				GCC_SYMBOLS_PRIVATE_EXTERN = NO;
				GCC_WARN_64_TO_32_BIT_CONVERSION = YES;
				GCC_WARN_ABOUT_RETURN_TYPE = YES_ERROR;
				GCC_WARN_UNDECLARED_SELECTOR = YES;
				GCC_WARN_UNINITIALIZED_AUTOS = YES_AGGRESSIVE;
				GCC_WARN_UNUSED_FUNCTION = YES;
				GCC_WARN_UNUSED_VARIABLE = YES;
				IPHONEOS_DEPLOYMENT_TARGET = 8.4;
				MTL_ENABLE_DEBUG_INFO = YES;
				ONLY_ACTIVE_ARCH = YES;
				SDKROOT = iphoneos;
				TARGETED_DEVICE_FAMILY = "1,2";
			};
			name = Debug;
		};
		318DA11C1C58DAA000216B45 /* Release */ = {
			isa = XCBuildConfiguration;
			buildSettings = {
				ALWAYS_SEARCH_USER_PATHS = NO;
				CLANG_CXX_LANGUAGE_STANDARD = "gnu++0x";
				CLANG_CXX_LIBRARY = "libc++";
				CLANG_ENABLE_MODULES = YES;
				CLANG_ENABLE_OBJC_ARC = YES;
				CLANG_WARN_BOOL_CONVERSION = YES;
				CLANG_WARN_CONSTANT_CONVERSION = YES;
				CLANG_WARN_DIRECT_OBJC_ISA_USAGE = YES_ERROR;
				CLANG_WARN_EMPTY_BODY = YES;
				CLANG_WARN_ENUM_CONVERSION = YES;
				CLANG_WARN_INT_CONVERSION = YES;
				CLANG_WARN_OBJC_ROOT_CLASS = YES_ERROR;
				CLANG_WARN_UNREACHABLE_CODE = YES;
				CLANG_WARN__DUPLICATE_METHOD_MATCH = YES;
				"CODE_SIGN_IDENTITY[sdk=iphoneos*]" = "iPhone Developer";
				COPY_PHASE_STRIP = NO;
				DEBUG_INFORMATION_FORMAT = "dwarf-with-dsym";
				ENABLE_NS_ASSERTIONS = NO;
				ENABLE_STRICT_OBJC_MSGSEND = YES;
				GCC_C_LANGUAGE_STANDARD = gnu99;
				GCC_NO_COMMON_BLOCKS = YES;
				GCC_WARN_64_TO_32_BIT_CONVERSION = YES;
				GCC_WARN_ABOUT_RETURN_TYPE = YES_ERROR;
				GCC_WARN_UNDECLARED_SELECTOR = YES;
				GCC_WARN_UNINITIALIZED_AUTOS = YES_AGGRESSIVE;
				GCC_WARN_UNUSED_FUNCTION = YES;
				GCC_WARN_UNUSED_VARIABLE = YES;
				IPHONEOS_DEPLOYMENT_TARGET = 8.4;
				MTL_ENABLE_DEBUG_INFO = NO;
				SDKROOT = iphoneos;
				TARGETED_DEVICE_FAMILY = "1,2";
				VALIDATE_PRODUCT = YES;
			};
			name = Release;
		};
		318DA11E1C58DAA000216B45 /* Debug */ = {
			isa = XCBuildConfiguration;
			buildSettings = {
				ASSETCATALOG_COMPILER_APPICON_NAME = AppIcon;
				INFOPLIST_FILE = TestGit/Info.plist;
				LD_RUNPATH_SEARCH_PATHS = "$(inherited) @executable_path/Frameworks";
				PRODUCT_NAME = "$(TARGET_NAME)";
			};
			name = Debug;
		};
		318DA11F1C58DAA000216B45 /* Release */ = {
			isa = XCBuildConfiguration;
			buildSettings = {
				ASSETCATALOG_COMPILER_APPICON_NAME = AppIcon;
				INFOPLIST_FILE = TestGit/Info.plist;
				LD_RUNPATH_SEARCH_PATHS = "$(inherited) @executable_path/Frameworks";
				PRODUCT_NAME = "$(TARGET_NAME)";
			};
			name = Release;
		};
		318DA1211C58DAA000216B45 /* Debug */ = {
			isa = XCBuildConfiguration;
			buildSettings = {
				BUNDLE_LOADER = "$(TEST_HOST)";
				FRAMEWORK_SEARCH_PATHS = (
					"$(SDKROOT)/Developer/Library/Frameworks",
					"$(inherited)",
				);
				GCC_PREPROCESSOR_DEFINITIONS = (
					"DEBUG=1",
					"$(inherited)",
				);
				INFOPLIST_FILE = TestGitTests/Info.plist;
				LD_RUNPATH_SEARCH_PATHS = "$(inherited) @executable_path/Frameworks @loader_path/Frameworks";
				PRODUCT_NAME = "$(TARGET_NAME)";
				TEST_HOST = "$(BUILT_PRODUCTS_DIR)/TestGit.app/TestGit";
			};
			name = Debug;
		};
		318DA1221C58DAA000216B45 /* Release */ = {
			isa = XCBuildConfiguration;
			buildSettings = {
				BUNDLE_LOADER = "$(TEST_HOST)";
				FRAMEWORK_SEARCH_PATHS = (
					"$(SDKROOT)/Developer/Library/Frameworks",
					"$(inherited)",
				);
				INFOPLIST_FILE = TestGitTests/Info.plist;
				LD_RUNPATH_SEARCH_PATHS = "$(inherited) @executable_path/Frameworks @loader_path/Frameworks";
				PRODUCT_NAME = "$(TARGET_NAME)";
				TEST_HOST = "$(BUILT_PRODUCTS_DIR)/TestGit.app/TestGit";
			};
			name = Release;
		};
/* End XCBuildConfiguration section */

/* Begin XCConfigurationList section */
		318DA0F51C58DAA000216B45 /* Build configuration list for PBXProject "TestGit" */ = {
			isa = XCConfigurationList;
			buildConfigurations = (
				318DA11B1C58DAA000216B45 /* Debug */,
				318DA11C1C58DAA000216B45 /* Release */,
			);
			defaultConfigurationIsVisible = 0;
			defaultConfigurationName = Release;
		};
		318DA11D1C58DAA000216B45 /* Build configuration list for PBXNativeTarget "TestGit" */ = {
			isa = XCConfigurationList;
			buildConfigurations = (
				318DA11E1C58DAA000216B45 /* Debug */,
				318DA11F1C58DAA000216B45 /* Release */,
			);
			defaultConfigurationIsVisible = 0;
		};
		318DA1201C58DAA000216B45 /* Build configuration list for PBXNativeTarget "TestGitTests" */ = {
			isa = XCConfigurationList;
			buildConfigurations = (
				318DA1211C58DAA000216B45 /* Debug */,
				318DA1221C58DAA000216B45 /* Release */,
			);
			defaultConfigurationIsVisible = 0;
		};
/* End XCConfigurationList section */
	};
	rootObject = 318DA0F21C58DAA000216B45 /* Project object */;
}
